lockfileVersion: '9.0'

settings:
  autoInstallPeers: true
  excludeLinksFromLockfile: false

importers:

  .:
    dependencies:
      avsc:
        specifier: ^5.7.7
        version: 5.7.9
      kafkajs:
        specifier: ^2.2.4
        version: 2.2.4

packages:

  avsc@5.7.9:
    resolution: {integrity: sha512-yOA4wFeI7ET3v32Di/sUybQ+ttP20JHSW3mxLuNGeO0uD6PPcvLrIQXSvy/rhJOWU5JrYh7U4OHplWMmtAtjMg==}
    engines: {node: '>=0.11'}

  kafkajs@2.2.4:
    resolution: {integrity: sha512-j/YeapB1vfPT2iOIUn/vxdyKEuhuY2PxMBvf5JWux6iSaukAccrMtXEY/Lb7OvavDhOWME589bpLrEdnVHjfjA==}
    engines: {node: '>=14.0.0'}

snapshots:

  avsc@5.7.9: {}

  kafkajs@2.2.4: {}
